// !$*UTF8*$!
{
	archiveVersion = 1;
	classes = {
	};
	objectVersion = 77;
	objects = {

/* Begin PBXBuildFile section */
		E1CBDF632EDEDD94005AB9B0 /* ResearchKit in Frameworks */ = {isa = PBXBuildFile; productRef = E1CBDF622EDEDD94005AB9B0 /* ResearchKit */; };
		E1CBDF652EDEDD94005AB9B0 /* ResearchKitActiveTask in Frameworks */ = {isa = PBXBuildFile; productRef = E1CBDF642EDEDD94005AB9B0 /* ResearchKitActiveTask */; };
		E1CBDF672EDEDD94005AB9B0 /* ResearchKitSwiftUI in Frameworks */ = {isa = PBXBuildFile; productRef = E1CBDF662EDEDD94005AB9B0 /* ResearchKitSwiftUI */; };
		E1CBDF692EDEDD94005AB9B0 /* ResearchKitUI in Frameworks */ = {isa = PBXBuildFile; productRef = E1CBDF682EDEDD94005AB9B0 /* ResearchKitUI */; };
		E1CBDFA72EDEFF0D005AB9B0 /* Spezi in Frameworks */ = {isa = PBXBuildFile; productRef = E1CBDFA62EDEFF0D005AB9B0 /* Spezi */; };
		E1CBDFA92EDEFF0D005AB9B0 /* SpeziTesting in Frameworks */ = {isa = PBXBuildFile; productRef = E1CBDFA82EDEFF0D005AB9B0 /* SpeziTesting */; };
		E1CBDFAB2EDEFF0D005AB9B0 /* XCTSpezi in Frameworks */ = {isa = PBXBuildFile; productRef = E1CBDFAA2EDEFF0D005AB9B0 /* XCTSpezi */; };
		E1D70AF22EB96FB00012135D /* Auth in Frameworks */ = {isa = PBXBuildFile; productRef = E1D70AF12EB96FB00012135D /* Auth */; };
		E1D70AF42EB96FB00012135D /* Functions in Frameworks */ = {isa = PBXBuildFile; productRef = E1D70AF32EB96FB00012135D /* Functions */; };
		E1D70AF62EB96FB00012135D /* PostgREST in Frameworks */ = {isa = PBXBuildFile; productRef = E1D70AF52EB96FB00012135D /* PostgREST */; };
		E1D70AF82EB96FB00012135D /* Realtime in Frameworks */ = {isa = PBXBuildFile; productRef = E1D70AF72EB96FB00012135D /* Realtime */; };
		E1D70AFA2EB96FB00012135D /* Storage in Frameworks */ = {isa = PBXBuildFile; productRef = E1D70AF92EB96FB00012135D /* Storage */; };
		E1D70AFC2EB96FB00012135D /* Supabase in Frameworks */ = {isa = PBXBuildFile; productRef = E1D70AFB2EB96FB00012135D /* Supabase */; };
/* End PBXBuildFile section */

/* Begin PBXFileReference section */
		E16CCBAB2E921BA10075B590 /* Tinnitus Capstone.app */ = {isa = PBXFileReference; explicitFileType = wrapper.application; includeInIndex = 0; path = "Tinnitus Capstone.app"; sourceTree = BUILT_PRODUCTS_DIR; };
/* End PBXFileReference section */

/* Begin PBXFileSystemSynchronizedRootGroup section */
		E16CCBAD2E921BA10075B590 /* Tinnitus Capstone */ = {
			isa = PBXFileSystemSynchronizedRootGroup;
			path = "Tinnitus Capstone";
			sourceTree = "<group>";
		};
/* End PBXFileSystemSynchronizedRootGroup section */

/* Begin PBXFrameworksBuildPhase section */
		E16CCBA82E921BA10075B590 /* Frameworks */ = {
			isa = PBXFrameworksBuildPhase;
			buildActionMask = 2147483647;
			files = (
				E1CBDFA72EDEFF0D005AB9B0 /* Spezi in Frameworks */,
				E1CBDF692EDEDD94005AB9B0 /* ResearchKitUI in Frameworks */,
				E1CBDF672EDEDD94005AB9B0 /* ResearchKitSwiftUI in Frameworks */,
				E1D70AF62EB96FB00012135D /* PostgREST in Frameworks */,
				E1CBDF652EDEDD94005AB9B0 /* ResearchKitActiveTask in Frameworks */,
				E1CBDFA92EDEFF0D005AB9B0 /* SpeziTesting in Frameworks */,
				E1D70AF42EB96FB00012135D /* Functions in Frameworks */,
				E1CBDF632EDEDD94005AB9B0 /* ResearchKit in Frameworks */,
				E1D70AFC2EB96FB00012135D /* Supabase in Frameworks */,
				E1CBDFAB2EDEFF0D005AB9B0 /* XCTSpezi in Frameworks */,
				E1D70AF22EB96FB00012135D /* Auth in Frameworks */,
				E1D70AFA2EB96FB00012135D /* Storage in Frameworks */,
				E1D70AF82EB96FB00012135D /* Realtime in Frameworks */,
			);
			runOnlyForDeploymentPostprocessing = 0;
		};
/* End PBXFrameworksBuildPhase section */

/* Begin PBXGroup section */
		E16CCBA22E921BA10075B590 = {
			isa = PBXGroup;
			children = (
				E16CCBAD2E921BA10075B590 /* Tinnitus Capstone */,
				E16CCBAC2E921BA10075B590 /* Products */,
			);
			sourceTree = "<group>";
		};
		E16CCBAC2E921BA10075B590 /* Products */ = {
			isa = PBXGroup;
			children = (
				E16CCBAB2E921BA10075B590 /* Tinnitus Capstone.app */,
			);
			name = Products;
			sourceTree = "<group>";
		};
/* End PBXGroup section */

/* Begin PBXNativeTarget section */
		E16CCBAA2E921BA10075B590 /* Tinnitus Capstone */ = {
			isa = PBXNativeTarget;
			buildConfigurationList = E16CCBB62E921BA20075B590 /* Build configuration list for PBXNativeTarget "Tinnitus Capstone" */;
			buildPhases = (
				E16CCBA72E921BA10075B590 /* Sources */,
				E16CCBA82E921BA10075B590 /* Frameworks */,
				E16CCBA92E921BA10075B590 /* Resources */,
			);
			buildRules = (
			);
			dependencies = (
			);
			fileSystemSynchronizedGroups = (
				E16CCBAD2E921BA10075B590 /* Tinnitus Capstone */,
			);
			name = "Tinnitus Capstone";
			packageProductDependencies = (
				E1D70AF12EB96FB00012135D /* Auth */,
				E1D70AF32EB96FB00012135D /* Functions */,
				E1D70AF52EB96FB00012135D /* PostgREST */,
				E1D70AF72EB96FB00012135D /* Realtime */,
				E1D70AF92EB96FB00012135D /* Storage */,
				E1D70AFB2EB96FB00012135D /* Supabase */,
				E1CBDF622EDEDD94005AB9B0 /* ResearchKit */,
				E1CBDF642EDEDD94005AB9B0 /* ResearchKitActiveTask */,
				E1CBDF662EDEDD94005AB9B0 /* ResearchKitSwiftUI */,
				E1CBDF682EDEDD94005AB9B0 /* ResearchKitUI */,
				E1CBDFA62EDEFF0D005AB9B0 /* Spezi */,
				E1CBDFA82EDEFF0D005AB9B0 /* SpeziTesting */,
				E1CBDFAA2EDEFF0D005AB9B0 /* XCTSpezi */,
			);
			productName = "Tinnitus Capstone";
			productReference = E16CCBAB2E921BA10075B590 /* Tinnitus Capstone.app */;
			productType = "com.apple.product-type.application";
		};
/* End PBXNativeTarget section */

/* Begin PBXProject section */
		E16CCBA32E921BA10075B590 /* Project object */ = {
			isa = PBXProject;
			attributes = {
				BuildIndependentTargetsInParallel = 1;
				LastSwiftUpdateCheck = 2600;
				LastUpgradeCheck = 2600;
				TargetAttributes = {
					E16CCBAA2E921BA10075B590 = {
						CreatedOnToolsVersion = 26.0.1;
					};
				};
			};
			buildConfigurationList = E16CCBA62E921BA10075B590 /* Build configuration list for PBXProject "Tinnitus Capstone" */;
			developmentRegion = en;
			hasScannedForEncodings = 0;
			knownRegions = (
				en,
				Base,
			);
			mainGroup = E16CCBA22E921BA10075B590;
			minimizedProjectReferenceProxies = 1;
			packageReferences = (
				E1D70AF02EB96FB00012135D /* XCRemoteSwiftPackageReference "supabase-swift" */,
				E1CBDF612EDEDD94005AB9B0 /* XCRemoteSwiftPackageReference "ResearchKit" */,
				E1CBDFA52EDEFF0D005AB9B0 /* XCRemoteSwiftPackageReference "Spezi" */,
			);
			preferredProjectObjectVersion = 77;
			productRefGroup = E16CCBAC2E921BA10075B590 /* Products */;
			projectDirPath = "";
			projectRoot = "";
			targets = (
				E16CCBAA2E921BA10075B590 /* Tinnitus Capstone */,
			);
		};
/* End PBXProject section */

/* Begin PBXResourcesBuildPhase section */
		E16CCBA92E921BA10075B590 /* Resources */ = {
			isa = PBXResourcesBuildPhase;
			buildActionMask = 2147483647;
			files = (
			);
			runOnlyForDeploymentPostprocessing = 0;
		};
/* End PBXResourcesBuildPhase section */

/* Begin PBXSourcesBuildPhase section */
		E16CCBA72E921BA10075B590 /* Sources */ = {
			isa = PBXSourcesBuildPhase;
			buildActionMask = 2147483647;
			files = (
			);
			runOnlyForDeploymentPostprocessing = 0;
		};
/* End PBXSourcesBuildPhase section */

/* Begin XCBuildConfiguration section */
		E16CCBB42E921BA20075B590 /* Debug */ = {
			isa = XCBuildConfiguration;
			buildSettings = {
				ALWAYS_SEARCH_USER_PATHS = NO;
				ASSETCATALOG_COMPILER_GENERATE_SWIFT_ASSET_SYMBOL_EXTENSIONS = YES;
				CLANG_ANALYZER_NONNULL = YES;
				CLANG_ANALYZER_NUMBER_OBJECT_CONVERSION = YES_AGGRESSIVE;
				CLANG_CXX_LANGUAGE_STANDARD = "gnu++20";
				CLANG_ENABLE_MODULES = YES;
				CLANG_ENABLE_OBJC_ARC = YES;
				CLANG_ENABLE_OBJC_WEAK = YES;
				CLANG_WARN_BLOCK_CAPTURE_AUTORELEASING = YES;
				CLANG_WARN_BOOL_CONVERSION = YES;
				CLANG_WARN_COMMA = YES;
				CLANG_WARN_CONSTANT_CONVERSION = YES;
				CLANG_WARN_DEPRECATED_OBJC_IMPLEMENTATIONS = YES;
				CLANG_WARN_DIRECT_OBJC_ISA_USAGE = YES_ERROR;
				CLANG_WARN_DOCUMENTATION_COMMENTS = YES;
				CLANG_WARN_EMPTY_BODY = YES;
				CLANG_WARN_ENUM_CONVERSION = YES;
				CLANG_WARN_INFINITE_RECURSION = YES;
				CLANG_WARN_INT_CONVERSION = YES;
				CLANG_WARN_NON_LITERAL_NULL_CONVERSION = YES;
				CLANG_WARN_OBJC_IMPLICIT_RETAIN_SELF = YES;
				CLANG_WARN_OBJC_LITERAL_CONVERSION = YES;
				CLANG_WARN_OBJC_ROOT_CLASS = YES_ERROR;
				CLANG_WARN_QUOTED_INCLUDE_IN_FRAMEWORK_HEADER = YES;
				CLANG_WARN_RANGE_LOOP_ANALYSIS = YES;
				CLANG_WARN_STRICT_PROTOTYPES = YES;
				CLANG_WARN_SUSPICIOUS_MOVE = YES;
				CLANG_WARN_UNGUARDED_AVAILABILITY = YES_AGGRESSIVE;
				CLANG_WARN_UNREACHABLE_CODE = YES;
				CLANG_WARN__DUPLICATE_METHOD_MATCH = YES;
				COPY_PHASE_STRIP = NO;
				DEBUG_INFORMATION_FORMAT = dwarf;
				ENABLE_STRICT_OBJC_MSGSEND = YES;
				ENABLE_TESTABILITY = YES;
				ENABLE_USER_SCRIPT_SANDBOXING = YES;
				GCC_C_LANGUAGE_STANDARD = gnu17;
				GCC_DYNAMIC_NO_PIC = NO;
				GCC_NO_COMMON_BLOCKS = YES;
				GCC_OPTIMIZATION_LEVEL = 0;
				GCC_PREPROCESSOR_DEFINITIONS = (
					"DEBUG=1",
					"$(inherited)",
				);
				GCC_WARN_64_TO_32_BIT_CONVERSION = YES;
				GCC_WARN_ABOUT_RETURN_TYPE = YES_ERROR;
				GCC_WARN_UNDECLARED_SELECTOR = YES;
				GCC_WARN_UNINITIALIZED_AUTOS = YES_AGGRESSIVE;
				GCC_WARN_UNUSED_FUNCTION = YES;
				GCC_WARN_UNUSED_VARIABLE = YES;
				IPHONEOS_DEPLOYMENT_TARGET = 26.0;
				LOCALIZATION_PREFERS_STRING_CATALOGS = YES;
				MTL_ENABLE_DEBUG_INFO = INCLUDE_SOURCE;
				MTL_FAST_MATH = YES;
				ONLY_ACTIVE_ARCH = YES;
				SDKROOT = iphoneos;
				SWIFT_ACTIVE_COMPILATION_CONDITIONS = "DEBUG $(inherited)";
				SWIFT_OPTIMIZATION_LEVEL = "-Onone";
			};
			name = Debug;
		};
		E16CCBB52E921BA20075B590 /* Release */ = {
			isa = XCBuildConfiguration;
			buildSettings = {
				ALWAYS_SEARCH_USER_PATHS = NO;
				ASSETCATALOG_COMPILER_GENERATE_SWIFT_ASSET_SYMBOL_EXTENSIONS = YES;
				CLANG_ANALYZER_NONNULL = YES;
				CLANG_ANALYZER_NUMBER_OBJECT_CONVERSION = YES_AGGRESSIVE;
				CLANG_CXX_LANGUAGE_STANDARD = "gnu++20";
				CLANG_ENABLE_MODULES = YES;
				CLANG_ENABLE_OBJC_ARC = YES;
				CLANG_ENABLE_OBJC_WEAK = YES;
				CLANG_WARN_BLOCK_CAPTURE_AUTORELEASING = YES;
				CLANG_WARN_BOOL_CONVERSION = YES;
				CLANG_WARN_COMMA = YES;
				CLANG_WARN_CONSTANT_CONVERSION = YES;
				CLANG_WARN_DEPRECATED_OBJC_IMPLEMENTATIONS = YES;
				CLANG_WARN_DIRECT_OBJC_ISA_USAGE = YES_ERROR;
				CLANG_WARN_DOCUMENTATION_COMMENTS = YES;
				CLANG_WARN_EMPTY_BODY = YES;
				CLANG_WARN_ENUM_CONVERSION = YES;
				CLANG_WARN_INFINITE_RECURSION = YES;
				CLANG_WARN_INT_CONVERSION = YES;
				CLANG_WARN_NON_LITERAL_NULL_CONVERSION = YES;
				CLANG_WARN_OBJC_IMPLICIT_RETAIN_SELF = YES;
				CLANG_WARN_OBJC_LITERAL_CONVERSION = YES;
				CLANG_WARN_OBJC_ROOT_CLASS = YES_ERROR;
				CLANG_WARN_QUOTED_INCLUDE_IN_FRAMEWORK_HEADER = YES;
				CLANG_WARN_RANGE_LOOP_ANALYSIS = YES;
				CLANG_WARN_STRICT_PROTOTYPES = YES;
				CLANG_WARN_SUSPICIOUS_MOVE = YES;
				CLANG_WARN_UNGUARDED_AVAILABILITY = YES_AGGRESSIVE;
				CLANG_WARN_UNREACHABLE_CODE = YES;
				CLANG_WARN__DUPLICATE_METHOD_MATCH = YES;
				COPY_PHASE_STRIP = NO;
				DEBUG_INFORMATION_FORMAT = "dwarf-with-dsym";
				ENABLE_NS_ASSERTIONS = NO;
				ENABLE_STRICT_OBJC_MSGSEND = YES;
				ENABLE_USER_SCRIPT_SANDBOXING = YES;
				GCC_C_LANGUAGE_STANDARD = gnu17;
				GCC_NO_COMMON_BLOCKS = YES;
				GCC_WARN_64_TO_32_BIT_CONVERSION = YES;
				GCC_WARN_ABOUT_RETURN_TYPE = YES_ERROR;
				GCC_WARN_UNDECLARED_SELECTOR = YES;
				GCC_WARN_UNINITIALIZED_AUTOS = YES_AGGRESSIVE;
				GCC_WARN_UNUSED_FUNCTION = YES;
				GCC_WARN_UNUSED_VARIABLE = YES;
				IPHONEOS_DEPLOYMENT_TARGET = 26.0;
				LOCALIZATION_PREFERS_STRING_CATALOGS = YES;
				MTL_ENABLE_DEBUG_INFO = NO;
				MTL_FAST_MATH = YES;
				SDKROOT = iphoneos;
				SWIFT_COMPILATION_MODE = wholemodule;
				VALIDATE_PRODUCT = YES;
			};
			name = Release;
		};
		E16CCBB72E921BA20075B590 /* Debug */ = {
			isa = XCBuildConfiguration;
			buildSettings = {
				ASSETCATALOG_COMPILER_APPICON_NAME = AppIcon;
				ASSETCATALOG_COMPILER_GLOBAL_ACCENT_COLOR_NAME = AccentColor;
				CODE_SIGN_STYLE = Automatic;
				CURRENT_PROJECT_VERSION = 1;
				ENABLE_PREVIEWS = YES;
				GENERATE_INFOPLIST_FILE = YES;
				INFOPLIST_KEY_UIApplicationSceneManifest_Generation = YES;
				INFOPLIST_KEY_UIApplicationSupportsIndirectInputEvents = YES;
				INFOPLIST_KEY_UILaunchScreen_Generation = YES;
				INFOPLIST_KEY_UISupportedInterfaceOrientations_iPad = "UIInterfaceOrientationPortrait UIInterfaceOrientationPortraitUpsideDown UIInterfaceOrientationLandscapeLeft UIInterfaceOrientationLandscapeRight";
				INFOPLIST_KEY_UISupportedInterfaceOrientations_iPhone = "UIInterfaceOrientationPortrait UIInterfaceOrientationLandscapeLeft UIInterfaceOrientationLandscapeRight";
				LD_RUNPATH_SEARCH_PATHS = (
					"$(inherited)",
					"@executable_path/Frameworks",
				);
				MARKETING_VERSION = 1.0;
				PRODUCT_BUNDLE_IDENTIFIER = "BARS.Tinnitus-Capstone";
				PRODUCT_NAME = "$(TARGET_NAME)";
				STRING_CATALOG_GENERATE_SYMBOLS = YES;
				SWIFT_APPROACHABLE_CONCURRENCY = YES;
				SWIFT_DEFAULT_ACTOR_ISOLATION = MainActor;
				SWIFT_EMIT_LOC_STRINGS = YES;
				SWIFT_UPCOMING_FEATURE_MEMBER_IMPORT_VISIBILITY = YES;
				SWIFT_VERSION = 5.0;
				TARGETED_DEVICE_FAMILY = "1,2";
			};
			name = Debug;
		};
		E16CCBB82E921BA20075B590 /* Release */ = {
			isa = XCBuildConfiguration;
			buildSettings = {
				ASSETCATALOG_COMPILER_APPICON_NAME = AppIcon;
				ASSETCATALOG_COMPILER_GLOBAL_ACCENT_COLOR_NAME = AccentColor;
				CODE_SIGN_STYLE = Automatic;
				CURRENT_PROJECT_VERSION = 1;
				ENABLE_PREVIEWS = YES;
				GENERATE_INFOPLIST_FILE = YES;
				INFOPLIST_KEY_UIApplicationSceneManifest_Generation = YES;
				INFOPLIST_KEY_UIApplicationSupportsIndirectInputEvents = YES;
				INFOPLIST_KEY_UILaunchScreen_Generation = YES;
				INFOPLIST_KEY_UISupportedInterfaceOrientations_iPad = "UIInterfaceOrientationPortrait UIInterfaceOrientationPortraitUpsideDown UIInterfaceOrientationLandscapeLeft UIInterfaceOrientationLandscapeRight";
				INFOPLIST_KEY_UISupportedInterfaceOrientations_iPhone = "UIInterfaceOrientationPortrait UIInterfaceOrientationLandscapeLeft UIInterfaceOrientationLandscapeRight";
				LD_RUNPATH_SEARCH_PATHS = (
					"$(inherited)",
					"@executable_path/Frameworks",
				);
				MARKETING_VERSION = 1.0;
				PRODUCT_BUNDLE_IDENTIFIER = "BARS.Tinnitus-Capstone";
				PRODUCT_NAME = "$(TARGET_NAME)";
				STRING_CATALOG_GENERATE_SYMBOLS = YES;
				SWIFT_APPROACHABLE_CONCURRENCY = YES;
				SWIFT_DEFAULT_ACTOR_ISOLATION = MainActor;
				SWIFT_EMIT_LOC_STRINGS = YES;
				SWIFT_UPCOMING_FEATURE_MEMBER_IMPORT_VISIBILITY = YES;
				SWIFT_VERSION = 5.0;
				TARGETED_DEVICE_FAMILY = "1,2";
			};
			name = Release;
		};
/* End XCBuildConfiguration section */

/* Begin XCConfigurationList section */
		E16CCBA62E921BA10075B590 /* Build configuration list for PBXProject "Tinnitus Capstone" */ = {
			isa = XCConfigurationList;
			buildConfigurations = (
				E16CCBB42E921BA20075B590 /* Debug */,
				E16CCBB52E921BA20075B590 /* Release */,
			);
			defaultConfigurationIsVisible = 0;
			defaultConfigurationName = Release;
		};
		E16CCBB62E921BA20075B590 /* Build configuration list for PBXNativeTarget "Tinnitus Capstone" */ = {
			isa = XCConfigurationList;
			buildConfigurations = (
				E16CCBB72E921BA20075B590 /* Debug */,
				E16CCBB82E921BA20075B590 /* Release */,
			);
			defaultConfigurationIsVisible = 0;
			defaultConfigurationName = Release;
		};
/* End XCConfigurationList section */

/* Begin XCRemoteSwiftPackageReference section */
		E1CBDF612EDEDD94005AB9B0 /* XCRemoteSwiftPackageReference "ResearchKit" */ = {
			isa = XCRemoteSwiftPackageReference;
			repositoryURL = "https://github.com/StanfordBDHG/ResearchKit";
			requirement = {
				kind = upToNextMajorVersion;
				minimumVersion = 3.1.2;
			};
		};
		E1CBDFA52EDEFF0D005AB9B0 /* XCRemoteSwiftPackageReference "Spezi" */ = {
			isa = XCRemoteSwiftPackageReference;
			repositoryURL = "https://github.com/StanfordSpezi/Spezi";
			requirement = {
				kind = upToNextMajorVersion;
				minimumVersion = 1.9.3;
			};
		};
		E1D70AF02EB96FB00012135D /* XCRemoteSwiftPackageReference "supabase-swift" */ = {
			isa = XCRemoteSwiftPackageReference;
			repositoryURL = "https://github.com/supabase-community/supabase-swift.git";
			requirement = {
				kind = upToNextMajorVersion;
				minimumVersion = 2.5.1;
			};
		};
/* End XCRemoteSwiftPackageReference section */

/* Begin XCSwiftPackageProductDependency section */
		E1CBDF622EDEDD94005AB9B0 /* ResearchKit */ = {
			isa = XCSwiftPackageProductDependency;
			package = E1CBDF612EDEDD94005AB9B0 /* XCRemoteSwiftPackageReference "ResearchKit" */;
			productName = ResearchKit;
		};
		E1CBDF642EDEDD94005AB9B0 /* ResearchKitActiveTask */ = {
			isa = XCSwiftPackageProductDependency;
			package = E1CBDF612EDEDD94005AB9B0 /* XCRemoteSwiftPackageReference "ResearchKit" */;
			productName = ResearchKitActiveTask;
		};
		E1CBDF662EDEDD94005AB9B0 /* ResearchKitSwiftUI */ = {
			isa = XCSwiftPackageProductDependency;
			package = E1CBDF612EDEDD94005AB9B0 /* XCRemoteSwiftPackageReference "ResearchKit" */;
			productName = ResearchKitSwiftUI;
		};
		E1CBDF682EDEDD94005AB9B0 /* ResearchKitUI */ = {
			isa = XCSwiftPackageProductDependency;
			package = E1CBDF612EDEDD94005AB9B0 /* XCRemoteSwiftPackageReference "ResearchKit" */;
			productName = ResearchKitUI;
		};
		E1CBDFA62EDEFF0D005AB9B0 /* Spezi */ = {
			isa = XCSwiftPackageProductDependency;
			package = E1CBDFA52EDEFF0D005AB9B0 /* XCRemoteSwiftPackageReference "Spezi" */;
			productName = Spezi;
		};
		E1CBDFA82EDEFF0D005AB9B0 /* SpeziTesting */ = {
			isa = XCSwiftPackageProductDependency;
			package = E1CBDFA52EDEFF0D005AB9B0 /* XCRemoteSwiftPackageReference "Spezi" */;
			productName = SpeziTesting;
		};
		E1CBDFAA2EDEFF0D005AB9B0 /* XCTSpezi */ = {
			isa = XCSwiftPackageProductDependency;
			package = E1CBDFA52EDEFF0D005AB9B0 /* XCRemoteSwiftPackageReference "Spezi" */;
			productName = XCTSpezi;
		};
		E1D70AF12EB96FB00012135D /* Auth */ = {
			isa = XCSwiftPackageProductDependency;
			package = E1D70AF02EB96FB00012135D /* XCRemoteSwiftPackageReference "supabase-swift" */;
			productName = Auth;
		};
		E1D70AF32EB96FB00012135D /* Functions */ = {
			isa = XCSwiftPackageProductDependency;
			package = E1D70AF02EB96FB00012135D /* XCRemoteSwiftPackageReference "supabase-swift" */;
			productName = Functions;
		};
		E1D70AF52EB96FB00012135D /* PostgREST */ = {
			isa = XCSwiftPackageProductDependency;
			package = E1D70AF02EB96FB00012135D /* XCRemoteSwiftPackageReference "supabase-swift" */;
			productName = PostgREST;
		};
		E1D70AF72EB96FB00012135D /* Realtime */ = {
			isa = XCSwiftPackageProductDependency;
			package = E1D70AF02EB96FB00012135D /* XCRemoteSwiftPackageReference "supabase-swift" */;
			productName = Realtime;
		};
		E1D70AF92EB96FB00012135D /* Storage */ = {
			isa = XCSwiftPackageProductDependency;
			package = E1D70AF02EB96FB00012135D /* XCRemoteSwiftPackageReference "supabase-swift" */;
			productName = Storage;
		};
		E1D70AFB2EB96FB00012135D /* Supabase */ = {
			isa = XCSwiftPackageProductDependency;
			package = E1D70AF02EB96FB00012135D /* XCRemoteSwiftPackageReference "supabase-swift" */;
			productName = Supabase;
		};
/* End XCSwiftPackageProductDependency section */
	};
	rootObject = E16CCBA32E921BA10075B590 /* Project object */;
}
